
Microsoft Visual Studio Solution File, Format Version 12.00
# Visual Studio Version 17
VisualStudioVersion = 17.11.35222.181
MinimumVisualStudioVersion = 10.0.40219.1
Project("{8BC9CEB8-8B4A-11D0-8D11-00A0C91BC942}") = "hw6.3", "hw6.3.vcxproj", "{3D8F2928-7465-45CA-9253-74493928DAF5}"
EndProject
Global
	GlobalSection(SolutionConfigurationPlatforms) = preSolution
		Debug|x64 = Debug|x64
		Debug|x86 = Debug|x86
		Release|x64 = Release|x64
		Release|x86 = Release|x86
	EndGlobalSection
	GlobalSection(ProjectConfigurationPlatforms) = postSolution
		{3D8F2928-7465-45CA-9253-74493928DAF5}.Debug|x64.ActiveCfg = Debug|x64
		{3D8F2928-7465-45CA-9253-74493928DAF5}.Debug|x64.Build.0 = Debug|x64
		{3D8F2928-7465-45CA-9253-74493928DAF5}.Debug|x86.ActiveCfg = Debug|Win32
		{3D8F2928-7465-45CA-9253-74493928DAF5}.Debug|x86.Build.0 = Debug|Win32
		{3D8F2928-7465-45CA-9253-74493928DAF5}.Release|x64.ActiveCfg = Release|x64
		{3D8F2928-7465-45CA-9253-74493928DAF5}.Release|x64.Build.0 = Release|x64
		{3D8F2928-7465-45CA-9253-74493928DAF5}.Release|x86.ActiveCfg = Release|Win32
		{3D8F2928-7465-45CA-9253-74493928DAF5}.Release|x86.Build.0 = Release|Win32
	EndGlobalSection
	GlobalSection(SolutionProperties) = preSolution
		HideSolutionNode = FALSE
	EndGlobalSection
	GlobalSection(ExtensibilityGlobals) = postSolution
		SolutionGuid = {F19EA060-297F-4037-B366-D142E5646C16}
	EndGlobalSection
EndGlobal
